
Microsoft Visual Studio Solution File, Format Version 12.00
# Visual Studio 14
VisualStudioVersion = 14.0.25420.1
MinimumVisualStudioVersion = 10.0.40219.1
Project("{FAE04EC0-301F-11D3-BF4B-00C04F79EFBC}") = "DCC16_Demo1", "DCC16_Demo1\DCC16_Demo1.csproj", "{C3C2D034-54D0-4124-927B-B7515797FF87}"
EndProject
Project("{FAE04EC0-301F-11D3-BF4B-00C04F79EFBC}") = "DCC16_Demo2", "DCC16_Demo2\DCC16_Demo2.csproj", "{DABD824A-D571-44F3-8FAE-F424911F38C4}"
EndProject
Project("{FAE04EC0-301F-11D3-BF4B-00C04F79EFBC}") = "DCC16_Demo3", "DCC16_Demo3\DCC16_Demo3.csproj", "{A895E04F-2BDB-4B60-8D4D-C0862925DC92}"
EndProject
Project("{FAE04EC0-301F-11D3-BF4B-00C04F79EFBC}") = "DCC16_Demo4", "DCC16_Demo4\DCC16_Demo4.csproj", "{040E7DDE-360D-4056-BB59-8CAC83DABEF0}"
EndProject
Project("{FAE04EC0-301F-11D3-BF4B-00C04F79EFBC}") = "DCC16_Demo5", "DCC16_Demo5\DCC16_Demo5.csproj", "{8EA9519B-BCC5-4A36-98C0-486DDDF13C6E}"
EndProject
Global
	GlobalSection(SolutionConfigurationPlatforms) = preSolution
		Debug|Any CPU = Debug|Any CPU
		Release|Any CPU = Release|Any CPU
	EndGlobalSection
	GlobalSection(ProjectConfigurationPlatforms) = postSolution
		{C3C2D034-54D0-4124-927B-B7515797FF87}.Debug|Any CPU.ActiveCfg = Debug|Any CPU
		{C3C2D034-54D0-4124-927B-B7515797FF87}.Debug|Any CPU.Build.0 = Debug|Any CPU
		{C3C2D034-54D0-4124-927B-B7515797FF87}.Release|Any CPU.ActiveCfg = Release|Any CPU
		{C3C2D034-54D0-4124-927B-B7515797FF87}.Release|Any CPU.Build.0 = Release|Any CPU
		{DABD824A-D571-44F3-8FAE-F424911F38C4}.Debug|Any CPU.ActiveCfg = Debug|Any CPU
		{DABD824A-D571-44F3-8FAE-F424911F38C4}.Debug|Any CPU.Build.0 = Debug|Any CPU
		{DABD824A-D571-44F3-8FAE-F424911F38C4}.Release|Any CPU.ActiveCfg = Release|Any CPU
		{DABD824A-D571-44F3-8FAE-F424911F38C4}.Release|Any CPU.Build.0 = Release|Any CPU
		{A895E04F-2BDB-4B60-8D4D-C0862925DC92}.Debug|Any CPU.ActiveCfg = Debug|Any CPU
		{A895E04F-2BDB-4B60-8D4D-C0862925DC92}.Debug|Any CPU.Build.0 = Debug|Any CPU
		{A895E04F-2BDB-4B60-8D4D-C0862925DC92}.Release|Any CPU.ActiveCfg = Release|Any CPU
		{A895E04F-2BDB-4B60-8D4D-C0862925DC92}.Release|Any CPU.Build.0 = Release|Any CPU
		{040E7DDE-360D-4056-BB59-8CAC83DABEF0}.Debug|Any CPU.ActiveCfg = Debug|Any CPU
		{040E7DDE-360D-4056-BB59-8CAC83DABEF0}.Debug|Any CPU.Build.0 = Debug|Any CPU
		{040E7DDE-360D-4056-BB59-8CAC83DABEF0}.Release|Any CPU.ActiveCfg = Release|Any CPU
		{040E7DDE-360D-4056-BB59-8CAC83DABEF0}.Release|Any CPU.Build.0 = Release|Any CPU
		{8EA9519B-BCC5-4A36-98C0-486DDDF13C6E}.Debug|Any CPU.ActiveCfg = Debug|Any CPU
		{8EA9519B-BCC5-4A36-98C0-486DDDF13C6E}.Debug|Any CPU.Build.0 = Debug|Any CPU
		{8EA9519B-BCC5-4A36-98C0-486DDDF13C6E}.Release|Any CPU.ActiveCfg = Release|Any CPU
		{8EA9519B-BCC5-4A36-98C0-486DDDF13C6E}.Release|Any CPU.Build.0 = Release|Any CPU
	EndGlobalSection
	GlobalSection(SolutionProperties) = preSolution
		HideSolutionNode = FALSE
	EndGlobalSection
EndGlobal
